
Microsoft Visual Studio Solution File, Format Version 12.00
# Visual Studio Version 16
VisualStudioVersion = 16.0.31105.61
MinimumVisualStudioVersion = 10.0.40219.1
Project("{FAE04EC0-301F-11D3-BF4B-00C04F79EFBC}") = "RentAll.Domain", "RentAll.Domain\RentAll.Domain.csproj", "{213D6A74-E488-40BC-8635-90826CD8D104}"
EndProject
Project("{FAE04EC0-301F-11D3-BF4B-00C04F79EFBC}") = "RentAll.Dal", "RentAll.Dal\RentAll.Dal.csproj", "{3C062726-C587-4D14-A6A5-44FEE4754A48}"
EndProject
Project("{FAE04EC0-301F-11D3-BF4B-00C04F79EFBC}") = "RentAll.Infrastructure", "RentAll.Infrastructure\RentAll.Infrastructure.csproj", "{F2E17871-0377-42B1-B6EB-00C37AC1BD0A}"
EndProject
Project("{FAE04EC0-301F-11D3-BF4B-00C04F79EFBC}") = "RentAll.Web", "RentAll.Web\RentAll.Web.csproj", "{650D6112-E669-45B3-BBAA-D1A72F75EFCF}"
EndProject
Global
	GlobalSection(SolutionConfigurationPlatforms) = preSolution
		Debug|Any CPU = Debug|Any CPU
		Release|Any CPU = Release|Any CPU
	EndGlobalSection
	GlobalSection(ProjectConfigurationPlatforms) = postSolution
		{213D6A74-E488-40BC-8635-90826CD8D104}.Debug|Any CPU.ActiveCfg = Debug|Any CPU
		{213D6A74-E488-40BC-8635-90826CD8D104}.Debug|Any CPU.Build.0 = Debug|Any CPU
		{213D6A74-E488-40BC-8635-90826CD8D104}.Release|Any CPU.ActiveCfg = Release|Any CPU
		{213D6A74-E488-40BC-8635-90826CD8D104}.Release|Any CPU.Build.0 = Release|Any CPU
		{3C062726-C587-4D14-A6A5-44FEE4754A48}.Debug|Any CPU.ActiveCfg = Debug|Any CPU
		{3C062726-C587-4D14-A6A5-44FEE4754A48}.Debug|Any CPU.Build.0 = Debug|Any CPU
		{3C062726-C587-4D14-A6A5-44FEE4754A48}.Release|Any CPU.ActiveCfg = Release|Any CPU
		{3C062726-C587-4D14-A6A5-44FEE4754A48}.Release|Any CPU.Build.0 = Release|Any CPU
		{F2E17871-0377-42B1-B6EB-00C37AC1BD0A}.Debug|Any CPU.ActiveCfg = Debug|Any CPU
		{F2E17871-0377-42B1-B6EB-00C37AC1BD0A}.Debug|Any CPU.Build.0 = Debug|Any CPU
		{F2E17871-0377-42B1-B6EB-00C37AC1BD0A}.Release|Any CPU.ActiveCfg = Release|Any CPU
		{F2E17871-0377-42B1-B6EB-00C37AC1BD0A}.Release|Any CPU.Build.0 = Release|Any CPU
		{650D6112-E669-45B3-BBAA-D1A72F75EFCF}.Debug|Any CPU.ActiveCfg = Debug|Any CPU
		{650D6112-E669-45B3-BBAA-D1A72F75EFCF}.Debug|Any CPU.Build.0 = Debug|Any CPU
		{650D6112-E669-45B3-BBAA-D1A72F75EFCF}.Release|Any CPU.ActiveCfg = Release|Any CPU
		{650D6112-E669-45B3-BBAA-D1A72F75EFCF}.Release|Any CPU.Build.0 = Release|Any CPU
	EndGlobalSection
	GlobalSection(SolutionProperties) = preSolution
		HideSolutionNode = FALSE
	EndGlobalSection
	GlobalSection(ExtensibilityGlobals) = postSolution
		SolutionGuid = {BF716755-6174-41C5-8D26-93D6D945F805}
	EndGlobalSection
EndGlobal
